
Microsoft Visual Studio Solution File, Format Version 12.00
# Visual Studio 14
VisualStudioVersion = 14.0.23107.0
MinimumVisualStudioVersion = 10.0.40219.1
Project("{FAE04EC0-301F-11D3-BF4B-00C04F79EFBC}") = "IntroToASPNetMVC", "IntroToASPNetMVC\IntroToASPNetMVC.csproj", "{FDBAF99F-16DB-4BA2-BEE8-5CDBC7FECB2E}"
EndProject
Project("{FAE04EC0-301F-11D3-BF4B-00C04F79EFBC}") = "Domain", "Domain\Domain.csproj", "{BB3B6E3C-56B4-49C1-9053-78AE9C7B6FED}"
EndProject
Global
	GlobalSection(SolutionConfigurationPlatforms) = preSolution
		Debug|Any CPU = Debug|Any CPU
		Release|Any CPU = Release|Any CPU
	EndGlobalSection
	GlobalSection(ProjectConfigurationPlatforms) = postSolution
		{FDBAF99F-16DB-4BA2-BEE8-5CDBC7FECB2E}.Debug|Any CPU.ActiveCfg = Debug|Any CPU
		{FDBAF99F-16DB-4BA2-BEE8-5CDBC7FECB2E}.Debug|Any CPU.Build.0 = Debug|Any CPU
		{FDBAF99F-16DB-4BA2-BEE8-5CDBC7FECB2E}.Release|Any CPU.ActiveCfg = Release|Any CPU
		{FDBAF99F-16DB-4BA2-BEE8-5CDBC7FECB2E}.Release|Any CPU.Build.0 = Release|Any CPU
		{BB3B6E3C-56B4-49C1-9053-78AE9C7B6FED}.Debug|Any CPU.ActiveCfg = Debug|Any CPU
		{BB3B6E3C-56B4-49C1-9053-78AE9C7B6FED}.Debug|Any CPU.Build.0 = Debug|Any CPU
		{BB3B6E3C-56B4-49C1-9053-78AE9C7B6FED}.Release|Any CPU.ActiveCfg = Release|Any CPU
		{BB3B6E3C-56B4-49C1-9053-78AE9C7B6FED}.Release|Any CPU.Build.0 = Release|Any CPU
	EndGlobalSection
	GlobalSection(SolutionProperties) = preSolution
		HideSolutionNode = FALSE
	EndGlobalSection
EndGlobal
